
Microsoft Visual Studio Solution File, Format Version 12.00
# Visual Studio Version 17
VisualStudioVersion = 17.5.001.0
MinimumVisualStudioVersion = 10.0.40219.1
Project("{9A19103F-16F7-4668-BE54-9A1E7A4F7556}") = "4d-dotnet", "4d-dotnet.csproj", "{F15193E6-7C4E-4ECD-A354-E72DB8447E3B}"
EndProject
Global
	GlobalSection(SolutionConfigurationPlatforms) = preSolution
		Debug|Any CPU = Debug|Any CPU
		Release|Any CPU = Release|Any CPU
	EndGlobalSection
	GlobalSection(ProjectConfigurationPlatforms) = postSolution
		{F15193E6-7C4E-4ECD-A354-E72DB8447E3B}.Debug|Any CPU.ActiveCfg = Debug|Any CPU
		{F15193E6-7C4E-4ECD-A354-E72DB8447E3B}.Debug|Any CPU.Build.0 = Debug|Any CPU
		{F15193E6-7C4E-4ECD-A354-E72DB8447E3B}.Release|Any CPU.ActiveCfg = Release|Any CPU
		{F15193E6-7C4E-4ECD-A354-E72DB8447E3B}.Release|Any CPU.Build.0 = Release|Any CPU
	EndGlobalSection
	GlobalSection(SolutionProperties) = preSolution
		HideSolutionNode = FALSE
	EndGlobalSection
	GlobalSection(ExtensibilityGlobals) = postSolution
		SolutionGuid = {B8DEB668-3693-4CFF-AB45-32AE1317A1C7}
	EndGlobalSection
EndGlobal
